// !$*UTF8*$!
{
	archiveVersion = 1;
	classes = {
	};
	objectVersion = 50;
	objects = {

/* Begin PBXBuildFile section */
		123B629BEAA324DE11DF51F2 /* Pods_ToDoList.framework in Frameworks */ = {isa = PBXBuildFile; fileRef = F9FF128E926C8D045DDC2E04 /* Pods_ToDoList.framework */; };
		745E00B620E45FE100FBF83A /* AppDelegate.swift in Sources */ = {isa = PBXBuildFile; fileRef = 745E00B520E45FE100FBF83A /* AppDelegate.swift */; };
		745E00B820E45FE100FBF83A /* TodoListViewController.swift in Sources */ = {isa = PBXBuildFile; fileRef = 745E00B720E45FE100FBF83A /* TodoListViewController.swift */; };
		745E00BB20E45FE100FBF83A /* Main.storyboard in Resources */ = {isa = PBXBuildFile; fileRef = 745E00B920E45FE100FBF83A /* Main.storyboard */; };
		745E00BD20E45FE300FBF83A /* Assets.xcassets in Resources */ = {isa = PBXBuildFile; fileRef = 745E00BC20E45FE300FBF83A /* Assets.xcassets */; };
		745E00C020E45FE300FBF83A /* LaunchScreen.storyboard in Resources */ = {isa = PBXBuildFile; fileRef = 745E00BE20E45FE300FBF83A /* LaunchScreen.storyboard */; };
		748EEEDB20EC3A6100C3AFCE /* DataModel.xcdatamodeld in Sources */ = {isa = PBXBuildFile; fileRef = 748EEED920EC3A6100C3AFCE /* DataModel.xcdatamodeld */; };
		74A9D7E620F1C286009065DA /* CategoryViewController.swift in Sources */ = {isa = PBXBuildFile; fileRef = 74A9D7E520F1C285009065DA /* CategoryViewController.swift */; };
/* End PBXBuildFile section */

/* Begin PBXFileReference section */
		745E00B220E45FE100FBF83A /* ToDoList.app */ = {isa = PBXFileReference; explicitFileType = wrapper.application; includeInIndex = 0; path = ToDoList.app; sourceTree = BUILT_PRODUCTS_DIR; };
		745E00B520E45FE100FBF83A /* AppDelegate.swift */ = {isa = PBXFileReference; lastKnownFileType = sourcecode.swift; path = AppDelegate.swift; sourceTree = "<group>"; };
		745E00B720E45FE100FBF83A /* TodoListViewController.swift */ = {isa = PBXFileReference; lastKnownFileType = sourcecode.swift; path = TodoListViewController.swift; sourceTree = "<group>"; };
		745E00BA20E45FE100FBF83A /* Base */ = {isa = PBXFileReference; lastKnownFileType = file.storyboard; name = Base; path = Base.lproj/Main.storyboard; sourceTree = "<group>"; };
		745E00BC20E45FE300FBF83A /* Assets.xcassets */ = {isa = PBXFileReference; lastKnownFileType = folder.assetcatalog; path = Assets.xcassets; sourceTree = "<group>"; };
		745E00BF20E45FE300FBF83A /* Base */ = {isa = PBXFileReference; lastKnownFileType = file.storyboard; name = Base; path = Base.lproj/LaunchScreen.storyboard; sourceTree = "<group>"; };
		745E00C120E45FE300FBF83A /* Info.plist */ = {isa = PBXFileReference; lastKnownFileType = text.plist.xml; path = Info.plist; sourceTree = "<group>"; };
		748EEEDA20EC3A6100C3AFCE /* DataModel.xcdatamodel */ = {isa = PBXFileReference; lastKnownFileType = wrapper.xcdatamodel; path = DataModel.xcdatamodel; sourceTree = "<group>"; };
		74A9D7E520F1C285009065DA /* CategoryViewController.swift */ = {isa = PBXFileReference; lastKnownFileType = sourcecode.swift; path = CategoryViewController.swift; sourceTree = "<group>"; };
		CEC057CF09299886ACCDA427 /* Pods-ToDoList.debug.xcconfig */ = {isa = PBXFileReference; includeInIndex = 1; lastKnownFileType = text.xcconfig; name = "Pods-ToDoList.debug.xcconfig"; path = "Pods/Target Support Files/Pods-ToDoList/Pods-ToDoList.debug.xcconfig"; sourceTree = "<group>"; };
		F3CD052E466953BB5F0AEC11 /* Pods-ToDoList.release.xcconfig */ = {isa = PBXFileReference; includeInIndex = 1; lastKnownFileType = text.xcconfig; name = "Pods-ToDoList.release.xcconfig"; path = "Pods/Target Support Files/Pods-ToDoList/Pods-ToDoList.release.xcconfig"; sourceTree = "<group>"; };
		F9FF128E926C8D045DDC2E04 /* Pods_ToDoList.framework */ = {isa = PBXFileReference; explicitFileType = wrapper.framework; includeInIndex = 0; path = Pods_ToDoList.framework; sourceTree = BUILT_PRODUCTS_DIR; };
/* End PBXFileReference section */

/* Begin PBXFrameworksBuildPhase section */
		745E00AF20E45FE100FBF83A /* Frameworks */ = {
			isa = PBXFrameworksBuildPhase;
			buildActionMask = 2147483647;
			files = (
				123B629BEAA324DE11DF51F2 /* Pods_ToDoList.framework in Frameworks */,
			);
			runOnlyForDeploymentPostprocessing = 0;
		};
/* End PBXFrameworksBuildPhase section */

/* Begin PBXGroup section */
		743660E420EB2DC400E10B52 /* Data Model */ = {
			isa = PBXGroup;
			children = (
				748EEED920EC3A6100C3AFCE /* DataModel.xcdatamodeld */,
			);
			path = "Data Model";
			sourceTree = "<group>";
		};
		743660E520EB2DCF00E10B52 /* Controllers */ = {
			isa = PBXGroup;
			children = (
				74A9D7E520F1C285009065DA /* CategoryViewController.swift */,
				745E00B720E45FE100FBF83A /* TodoListViewController.swift */,
			);
			path = Controllers;
			sourceTree = "<group>";
		};
		743660E620EB2DD800E10B52 /* Views */ = {
			isa = PBXGroup;
			children = (
				745E00B920E45FE100FBF83A /* Main.storyboard */,
			);
			path = Views;
			sourceTree = "<group>";
		};
		743660E720EB2DE100E10B52 /* Supporting Files */ = {
			isa = PBXGroup;
			children = (
				745E00BC20E45FE300FBF83A /* Assets.xcassets */,
				745E00BE20E45FE300FBF83A /* LaunchScreen.storyboard */,
			);
			path = "Supporting Files";
			sourceTree = "<group>";
		};
		745E00A920E45FE100FBF83A = {
			isa = PBXGroup;
			children = (
				745E00B420E45FE100FBF83A /* ToDoList */,
				745E00B320E45FE100FBF83A /* Products */,
				D08FD5601E16B907F9FE3832 /* Pods */,
				7DB1F072AEB5A426C4347019 /* Frameworks */,
			);
			sourceTree = "<group>";
		};
		745E00B320E45FE100FBF83A /* Products */ = {
			isa = PBXGroup;
			children = (
				745E00B220E45FE100FBF83A /* ToDoList.app */,
			);
			name = Products;
			sourceTree = "<group>";
		};
		745E00B420E45FE100FBF83A /* ToDoList */ = {
			isa = PBXGroup;
			children = (
				745E00B520E45FE100FBF83A /* AppDelegate.swift */,
				743660E520EB2DCF00E10B52 /* Controllers */,
				743660E420EB2DC400E10B52 /* Data Model */,
				743660E620EB2DD800E10B52 /* Views */,
				743660E720EB2DE100E10B52 /* Supporting Files */,
				745E00C120E45FE300FBF83A /* Info.plist */,
			);
			path = ToDoList;
			sourceTree = "<group>";
		};
		7DB1F072AEB5A426C4347019 /* Frameworks */ = {
			isa = PBXGroup;
			children = (
				F9FF128E926C8D045DDC2E04 /* Pods_ToDoList.framework */,
			);
			name = Frameworks;
			sourceTree = "<group>";
		};
		D08FD5601E16B907F9FE3832 /* Pods */ = {
			isa = PBXGroup;
			children = (
				CEC057CF09299886ACCDA427 /* Pods-ToDoList.debug.xcconfig */,
				F3CD052E466953BB5F0AEC11 /* Pods-ToDoList.release.xcconfig */,
			);
			name = Pods;
			sourceTree = "<group>";
		};
/* End PBXGroup section */

/* Begin PBXNativeTarget section */
		745E00B120E45FE100FBF83A /* ToDoList */ = {
			isa = PBXNativeTarget;
			buildConfigurationList = 745E00C420E45FE300FBF83A /* Build configuration list for PBXNativeTarget "ToDoList" */;
			buildPhases = (
				D194ACE2351C38A6C72B70B0 /* [CP] Check Pods Manifest.lock */,
				745E00AE20E45FE100FBF83A /* Sources */,
				745E00AF20E45FE100FBF83A /* Frameworks */,
				745E00B020E45FE100FBF83A /* Resources */,
				615A083536CA652BEA48E895 /* [CP] Embed Pods Frameworks */,
			);
			buildRules = (
			);
			dependencies = (
			);
			name = ToDoList;
			productName = ToDoList;
			productReference = 745E00B220E45FE100FBF83A /* ToDoList.app */;
			productType = "com.apple.product-type.application";
		};
/* End PBXNativeTarget section */

/* Begin PBXProject section */
		745E00AA20E45FE100FBF83A /* Project object */ = {
			isa = PBXProject;
			attributes = {
				LastSwiftUpdateCheck = 0930;
				LastUpgradeCheck = 0930;
				ORGANIZATIONNAME = "Adrian Bao";
				TargetAttributes = {
					745E00B120E45FE100FBF83A = {
						CreatedOnToolsVersion = 9.3;
					};
				};
			};
			buildConfigurationList = 745E00AD20E45FE100FBF83A /* Build configuration list for PBXProject "ToDoList" */;
			compatibilityVersion = "Xcode 9.3";
			developmentRegion = en;
			hasScannedForEncodings = 0;
			knownRegions = (
				en,
				Base,
			);
			mainGroup = 745E00A920E45FE100FBF83A;
			productRefGroup = 745E00B320E45FE100FBF83A /* Products */;
			projectDirPath = "";
			projectRoot = "";
			targets = (
				745E00B120E45FE100FBF83A /* ToDoList */,
			);
		};
/* End PBXProject section */

/* Begin PBXResourcesBuildPhase section */
		745E00B020E45FE100FBF83A /* Resources */ = {
			isa = PBXResourcesBuildPhase;
			buildActionMask = 2147483647;
			files = (
				745E00C020E45FE300FBF83A /* LaunchScreen.storyboard in Resources */,
				745E00BD20E45FE300FBF83A /* Assets.xcassets in Resources */,
				745E00BB20E45FE100FBF83A /* Main.storyboard in Resources */,
			);
			runOnlyForDeploymentPostprocessing = 0;
		};
/* End PBXResourcesBuildPhase section */

/* Begin PBXShellScriptBuildPhase section */
		615A083536CA652BEA48E895 /* [CP] Embed Pods Frameworks */ = {
			isa = PBXShellScriptBuildPhase;
			buildActionMask = 2147483647;
			files = (
			);
			inputPaths = (
				"${SRCROOT}/Pods/Target Support Files/Pods-ToDoList/Pods-ToDoList-frameworks.sh",
				"${BUILT_PRODUCTS_DIR}/Realm/Realm.framework",
				"${BUILT_PRODUCTS_DIR}/RealmSwift/RealmSwift.framework",
			);
			name = "[CP] Embed Pods Frameworks";
			outputPaths = (
				"${TARGET_BUILD_DIR}/${FRAMEWORKS_FOLDER_PATH}/Realm.framework",
				"${TARGET_BUILD_DIR}/${FRAMEWORKS_FOLDER_PATH}/RealmSwift.framework",
			);
			runOnlyForDeploymentPostprocessing = 0;
			shellPath = /bin/sh;
			shellScript = "\"${SRCROOT}/Pods/Target Support Files/Pods-ToDoList/Pods-ToDoList-frameworks.sh\"\n";
			showEnvVarsInLog = 0;
		};
		D194ACE2351C38A6C72B70B0 /* [CP] Check Pods Manifest.lock */ = {
			isa = PBXShellScriptBuildPhase;
			buildActionMask = 2147483647;
			files = (
			);
			inputPaths = (
				"${PODS_PODFILE_DIR_PATH}/Podfile.lock",
				"${PODS_ROOT}/Manifest.lock",
			);
			name = "[CP] Check Pods Manifest.lock";
			outputPaths = (
				"$(DERIVED_FILE_DIR)/Pods-ToDoList-checkManifestLockResult.txt",
			);
			runOnlyForDeploymentPostprocessing = 0;
			shellPath = /bin/sh;
			shellScript = "diff \"${PODS_PODFILE_DIR_PATH}/Podfile.lock\" \"${PODS_ROOT}/Manifest.lock\" > /dev/null\nif [ $? != 0 ] ; then\n    # print error to STDERR\n    echo \"error: The sandbox is not in sync with the Podfile.lock. Run 'pod install' or update your CocoaPods installation.\" >&2\n    exit 1\nfi\n# This output is used by Xcode 'outputs' to avoid re-running this script phase.\necho \"SUCCESS\" > \"${SCRIPT_OUTPUT_FILE_0}\"\n";
			showEnvVarsInLog = 0;
		};
/* End PBXShellScriptBuildPhase section */

/* Begin PBXSourcesBuildPhase section */
		745E00AE20E45FE100FBF83A /* Sources */ = {
			isa = PBXSourcesBuildPhase;
			buildActionMask = 2147483647;
			files = (
				74A9D7E620F1C286009065DA /* CategoryViewController.swift in Sources */,
				745E00B820E45FE100FBF83A /* TodoListViewController.swift in Sources */,
				748EEEDB20EC3A6100C3AFCE /* DataModel.xcdatamodeld in Sources */,
				745E00B620E45FE100FBF83A /* AppDelegate.swift in Sources */,
			);
			runOnlyForDeploymentPostprocessing = 0;
		};
/* End PBXSourcesBuildPhase section */

/* Begin PBXVariantGroup section */
		745E00B920E45FE100FBF83A /* Main.storyboard */ = {
			isa = PBXVariantGroup;
			children = (
				745E00BA20E45FE100FBF83A /* Base */,
			);
			name = Main.storyboard;
			sourceTree = "<group>";
		};
		745E00BE20E45FE300FBF83A /* LaunchScreen.storyboard */ = {
			isa = PBXVariantGroup;
			children = (
				745E00BF20E45FE300FBF83A /* Base */,
			);
			name = LaunchScreen.storyboard;
			sourceTree = "<group>";
		};
/* End PBXVariantGroup section */

/* Begin XCBuildConfiguration section */
		745E00C220E45FE300FBF83A /* Debug */ = {
			isa = XCBuildConfiguration;
			buildSettings = {
				ALWAYS_SEARCH_USER_PATHS = NO;
				CLANG_ANALYZER_NONNULL = YES;
				CLANG_ANALYZER_NUMBER_OBJECT_CONVERSION = YES_AGGRESSIVE;
				CLANG_CXX_LANGUAGE_STANDARD = "gnu++14";
				CLANG_CXX_LIBRARY = "libc++";
				CLANG_ENABLE_MODULES = YES;
				CLANG_ENABLE_OBJC_ARC = YES;
				CLANG_ENABLE_OBJC_WEAK = YES;
				CLANG_WARN_BLOCK_CAPTURE_AUTORELEASING = YES;
				CLANG_WARN_BOOL_CONVERSION = YES;
				CLANG_WARN_COMMA = YES;
				CLANG_WARN_CONSTANT_CONVERSION = YES;
				CLANG_WARN_DEPRECATED_OBJC_IMPLEMENTATIONS = YES;
				CLANG_WARN_DIRECT_OBJC_ISA_USAGE = YES_ERROR;
				CLANG_WARN_DOCUMENTATION_COMMENTS = YES;
				CLANG_WARN_EMPTY_BODY = YES;
				CLANG_WARN_ENUM_CONVERSION = YES;
				CLANG_WARN_INFINITE_RECURSION = YES;
				CLANG_WARN_INT_CONVERSION = YES;
				CLANG_WARN_NON_LITERAL_NULL_CONVERSION = YES;
				CLANG_WARN_OBJC_IMPLICIT_RETAIN_SELF = YES;
				CLANG_WARN_OBJC_LITERAL_CONVERSION = YES;
				CLANG_WARN_OBJC_ROOT_CLASS = YES_ERROR;
				CLANG_WARN_RANGE_LOOP_ANALYSIS = YES;
				CLANG_WARN_STRICT_PROTOTYPES = YES;
				CLANG_WARN_SUSPICIOUS_MOVE = YES;
				CLANG_WARN_UNGUARDED_AVAILABILITY = YES_AGGRESSIVE;
				CLANG_WARN_UNREACHABLE_CODE = YES;
				CLANG_WARN__DUPLICATE_METHOD_MATCH = YES;
				CODE_SIGN_IDENTITY = "iPhone Developer";
				COPY_PHASE_STRIP = NO;
				DEBUG_INFORMATION_FORMAT = dwarf;
				ENABLE_STRICT_OBJC_MSGSEND = YES;
				ENABLE_TESTABILITY = YES;
				GCC_C_LANGUAGE_STANDARD = gnu11;
				GCC_DYNAMIC_NO_PIC = NO;
				GCC_NO_COMMON_BLOCKS = YES;
				GCC_OPTIMIZATION_LEVEL = 0;
				GCC_PREPROCESSOR_DEFINITIONS = (
					"DEBUG=1",
					"$(inherited)",
				);
				GCC_WARN_64_TO_32_BIT_CONVERSION = YES;
				GCC_WARN_ABOUT_RETURN_TYPE = YES_ERROR;
				GCC_WARN_UNDECLARED_SELECTOR = YES;
				GCC_WARN_UNINITIALIZED_AUTOS = YES_AGGRESSIVE;
				GCC_WARN_UNUSED_FUNCTION = YES;
				GCC_WARN_UNUSED_VARIABLE = YES;
				IPHONEOS_DEPLOYMENT_TARGET = 11.3;
				MTL_ENABLE_DEBUG_INFO = YES;
				ONLY_ACTIVE_ARCH = YES;
				SDKROOT = iphoneos;
				SWIFT_ACTIVE_COMPILATION_CONDITIONS = DEBUG;
				SWIFT_OPTIMIZATION_LEVEL = "-Onone";
			};
			name = Debug;
		};
		745E00C320E45FE300FBF83A /* Release */ = {
			isa = XCBuildConfiguration;
			buildSettings = {
				ALWAYS_SEARCH_USER_PATHS = NO;
				CLANG_ANALYZER_NONNULL = YES;
				CLANG_ANALYZER_NUMBER_OBJECT_CONVERSION = YES_AGGRESSIVE;
				CLANG_CXX_LANGUAGE_STANDARD = "gnu++14";
				CLANG_CXX_LIBRARY = "libc++";
				CLANG_ENABLE_MODULES = YES;
				CLANG_ENABLE_OBJC_ARC = YES;
				CLANG_ENABLE_OBJC_WEAK = YES;
				CLANG_WARN_BLOCK_CAPTURE_AUTORELEASING = YES;
				CLANG_WARN_BOOL_CONVERSION = YES;
				CLANG_WARN_COMMA = YES;
				CLANG_WARN_CONSTANT_CONVERSION = YES;
				CLANG_WARN_DEPRECATED_OBJC_IMPLEMENTATIONS = YES;
				CLANG_WARN_DIRECT_OBJC_ISA_USAGE = YES_ERROR;
				CLANG_WARN_DOCUMENTATION_COMMENTS = YES;
				CLANG_WARN_EMPTY_BODY = YES;
				CLANG_WARN_ENUM_CONVERSION = YES;
				CLANG_WARN_INFINITE_RECURSION = YES;
				CLANG_WARN_INT_CONVERSION = YES;
				CLANG_WARN_NON_LITERAL_NULL_CONVERSION = YES;
				CLANG_WARN_OBJC_IMPLICIT_RETAIN_SELF = YES;
				CLANG_WARN_OBJC_LITERAL_CONVERSION = YES;
				CLANG_WARN_OBJC_ROOT_CLASS = YES_ERROR;
				CLANG_WARN_RANGE_LOOP_ANALYSIS = YES;
				CLANG_WARN_STRICT_PROTOTYPES = YES;
				CLANG_WARN_SUSPICIOUS_MOVE = YES;
				CLANG_WARN_UNGUARDED_AVAILABILITY = YES_AGGRESSIVE;
				CLANG_WARN_UNREACHABLE_CODE = YES;
				CLANG_WARN__DUPLICATE_METHOD_MATCH = YES;
				CODE_SIGN_IDENTITY = "iPhone Developer";
				COPY_PHASE_STRIP = NO;
				DEBUG_INFORMATION_FORMAT = "dwarf-with-dsym";
				ENABLE_NS_ASSERTIONS = NO;
				ENABLE_STRICT_OBJC_MSGSEND = YES;
				GCC_C_LANGUAGE_STANDARD = gnu11;
				GCC_NO_COMMON_BLOCKS = YES;
				GCC_WARN_64_TO_32_BIT_CONVERSION = YES;
				GCC_WARN_ABOUT_RETURN_TYPE = YES_ERROR;
				GCC_WARN_UNDECLARED_SELECTOR = YES;
				GCC_WARN_UNINITIALIZED_AUTOS = YES_AGGRESSIVE;
				GCC_WARN_UNUSED_FUNCTION = YES;
				GCC_WARN_UNUSED_VARIABLE = YES;
				IPHONEOS_DEPLOYMENT_TARGET = 11.3;
				MTL_ENABLE_DEBUG_INFO = NO;
				SDKROOT = iphoneos;
				SWIFT_COMPILATION_MODE = wholemodule;
				SWIFT_OPTIMIZATION_LEVEL = "-O";
				VALIDATE_PRODUCT = YES;
			};
			name = Release;
		};
		745E00C520E45FE300FBF83A /* Debug */ = {
			isa = XCBuildConfiguration;
			baseConfigurationReference = CEC057CF09299886ACCDA427 /* Pods-ToDoList.debug.xcconfig */;
			buildSettings = {
				ASSETCATALOG_COMPILER_APPICON_NAME = AppIcon;
				CODE_SIGN_STYLE = Automatic;
				DEVELOPMENT_TEAM = 5FXC6K7ZKS;
				INFOPLIST_FILE = ToDoList/Info.plist;
				LD_RUNPATH_SEARCH_PATHS = (
					"$(inherited)",
					"@executable_path/Frameworks",
				);
				PRODUCT_BUNDLE_IDENTIFIER = com.adrianbao.ToDoList;
				PRODUCT_NAME = "$(TARGET_NAME)";
				SWIFT_VERSION = 4.0;
				TARGETED_DEVICE_FAMILY = "1,2";
			};
			name = Debug;
		};
		745E00C620E45FE300FBF83A /* Release */ = {
			isa = XCBuildConfiguration;
			baseConfigurationReference = F3CD052E466953BB5F0AEC11 /* Pods-ToDoList.release.xcconfig */;
			buildSettings = {
				ASSETCATALOG_COMPILER_APPICON_NAME = AppIcon;
				CODE_SIGN_STYLE = Automatic;
				DEVELOPMENT_TEAM = 5FXC6K7ZKS;
				INFOPLIST_FILE = ToDoList/Info.plist;
				LD_RUNPATH_SEARCH_PATHS = (
					"$(inherited)",
					"@executable_path/Frameworks",
				);
				PRODUCT_BUNDLE_IDENTIFIER = com.adrianbao.ToDoList;
				PRODUCT_NAME = "$(TARGET_NAME)";
				SWIFT_VERSION = 4.0;
				TARGETED_DEVICE_FAMILY = "1,2";
			};
			name = Release;
		};
/* End XCBuildConfiguration section */

/* Begin XCConfigurationList section */
		745E00AD20E45FE100FBF83A /* Build configuration list for PBXProject "ToDoList" */ = {
			isa = XCConfigurationList;
			buildConfigurations = (
				745E00C220E45FE300FBF83A /* Debug */,
				745E00C320E45FE300FBF83A /* Release */,
			);
			defaultConfigurationIsVisible = 0;
			defaultConfigurationName = Release;
		};
		745E00C420E45FE300FBF83A /* Build configuration list for PBXNativeTarget "ToDoList" */ = {
			isa = XCConfigurationList;
			buildConfigurations = (
				745E00C520E45FE300FBF83A /* Debug */,
				745E00C620E45FE300FBF83A /* Release */,
			);
			defaultConfigurationIsVisible = 0;
			defaultConfigurationName = Release;
		};
/* End XCConfigurationList section */

/* Begin XCVersionGroup section */
		748EEED920EC3A6100C3AFCE /* DataModel.xcdatamodeld */ = {
			isa = XCVersionGroup;
			children = (
				748EEEDA20EC3A6100C3AFCE /* DataModel.xcdatamodel */,
			);
			currentVersion = 748EEEDA20EC3A6100C3AFCE /* DataModel.xcdatamodel */;
			path = DataModel.xcdatamodeld;
			sourceTree = "<group>";
			versionGroupType = wrapper.xcdatamodel;
		};
/* End XCVersionGroup section */
	};
	rootObject = 745E00AA20E45FE100FBF83A /* Project object */;
}
